{
  "requires": true,
  "lockfileVersion": 1,
  "dependencies": {
    "@wiris/mathtype-ckeditor4": {
      "version": "7.17.0",
      "resolved": "https://registry.npmjs.org/@wiris/mathtype-ckeditor4/-/mathtype-ckeditor4-7.17.0.tgz",
      "integrity": "sha512-i6pDygyHCbacpgXjmIexJSjaQ16K03opHSep0k2eQHfPYnlYoT6+GFuH+xsepHQ1HAQ/nwQ/VhRbZnkoYfph8w=="
    }
  }
}
